
Microsoft Visual Studio Solution File, Format Version 12.00
# Visual Studio Version 17
VisualStudioVersion = 17.5.33424.131
MinimumVisualStudioVersion = 10.0.40219.1
Project("{2150E333-8FDC-42A3-9474-1A3956D46DE8}") = "Transversal", "Transversal", "{57B41A81-2E5C-4E45-A967-4A327E202F07}"
EndProject
Project("{2150E333-8FDC-42A3-9474-1A3956D46DE8}") = "Servicess", "Servicess", "{9D848DD7-CDE9-44CF-9092-9DC2BA8692E2}"
EndProject
Project("{2150E333-8FDC-42A3-9474-1A3956D46DE8}") = "Infraestructure", "Infraestructure", "{2F4D0092-DA9E-459C-A580-5194018DF6B6}"
EndProject
Project("{2150E333-8FDC-42A3-9474-1A3956D46DE8}") = "Domain", "Domain", "{A375244C-F78A-4A27-8DB4-3FEC80AF7653}"
EndProject
Project("{2150E333-8FDC-42A3-9474-1A3956D46DE8}") = "Application", "Application", "{8C58D40E-3B6B-4C11-81E7-F9D52EE5C20D}"
EndProject
Project("{9A19103F-16F7-4668-BE54-9A1E7A4F7556}") = "API.Transversal.Common", "API.Transversal.Common\API.Transversal.Common.csproj", "{BC21946F-4FB7-4D42-8900-7DEA94C26FE1}"
EndProject
Project("{9A19103F-16F7-4668-BE54-9A1E7A4F7556}") = "API.Transversal.Mapper", "API.Transversal.Mapper\API.Transversal.Mapper.csproj", "{D3776FCD-AFAB-4E2A-B3AC-B70F3562E893}"
EndProject
Project("{9A19103F-16F7-4668-BE54-9A1E7A4F7556}") = "API.Infraestructure.Data", "API.Infraestructure.Data\API.Infraestructure.Data.csproj", "{153FA028-1D3D-444D-B69A-A4A25E079DBF}"
EndProject
Project("{9A19103F-16F7-4668-BE54-9A1E7A4F7556}") = "API.Infraestructure.Interface", "API.Infraestructure.Interface\API.Infraestructure.Interface.csproj", "{CF8164EC-198C-4932-9851-92B2B6F205D3}"
EndProject
Project("{9A19103F-16F7-4668-BE54-9A1E7A4F7556}") = "API.Infraestructure.Repository", "API.Infraestructure.Repository\API.Infraestructure.Repository.csproj", "{FF00262D-A257-4C18-95BA-8ECC90B26CAF}"
EndProject
Project("{9A19103F-16F7-4668-BE54-9A1E7A4F7556}") = "API.Domain.Core", "API.Domain.Core\API.Domain.Core.csproj", "{DEC285A8-4A82-4CEB-A63D-414565C30022}"
EndProject
Project("{9A19103F-16F7-4668-BE54-9A1E7A4F7556}") = "API.Domain.Entity", "API.Domain.Entity\API.Domain.Entity.csproj", "{EDD64D4E-DDE1-4D20-B5AE-92D48E874563}"
EndProject
Project("{9A19103F-16F7-4668-BE54-9A1E7A4F7556}") = "API.Domain.Interface", "API.Domain.Interface\API.Domain.Interface.csproj", "{914FE756-E093-4D00-9BAF-14F975C1BD85}"
EndProject
Project("{9A19103F-16F7-4668-BE54-9A1E7A4F7556}") = "API.Application.DTO", "API.Application.DTO\API.Application.DTO.csproj", "{87B47ADE-C462-4D98-9F15-ABA4D61119EB}"
EndProject
Project("{9A19103F-16F7-4668-BE54-9A1E7A4F7556}") = "API.Application.Interface", "API.Application.Interface\API.Application.Interface.csproj", "{D46EC601-3910-4B90-B221-AA4A55A68279}"
EndProject
Project("{9A19103F-16F7-4668-BE54-9A1E7A4F7556}") = "API.Application.Main", "API.Application.Main\API.Application.Main.csproj", "{57EBC37C-AE11-41A4-906B-92DC30E5CAD4}"
EndProject
Project("{FAE04EC0-301F-11D3-BF4B-00C04F79EFBC}") = "API.Service.WebApi", "API.Service.WebApi\API.Service.WebApi.csproj", "{B0EE1C89-34B9-49CE-94CF-ACB4EF816540}"
EndProject
Global
	GlobalSection(SolutionConfigurationPlatforms) = preSolution
		Debug|Any CPU = Debug|Any CPU
		Release|Any CPU = Release|Any CPU
	EndGlobalSection
	GlobalSection(ProjectConfigurationPlatforms) = postSolution
		{BC21946F-4FB7-4D42-8900-7DEA94C26FE1}.Debug|Any CPU.ActiveCfg = Debug|Any CPU
		{BC21946F-4FB7-4D42-8900-7DEA94C26FE1}.Debug|Any CPU.Build.0 = Debug|Any CPU
		{BC21946F-4FB7-4D42-8900-7DEA94C26FE1}.Release|Any CPU.ActiveCfg = Release|Any CPU
		{BC21946F-4FB7-4D42-8900-7DEA94C26FE1}.Release|Any CPU.Build.0 = Release|Any CPU
		{D3776FCD-AFAB-4E2A-B3AC-B70F3562E893}.Debug|Any CPU.ActiveCfg = Debug|Any CPU
		{D3776FCD-AFAB-4E2A-B3AC-B70F3562E893}.Debug|Any CPU.Build.0 = Debug|Any CPU
		{D3776FCD-AFAB-4E2A-B3AC-B70F3562E893}.Release|Any CPU.ActiveCfg = Release|Any CPU
		{D3776FCD-AFAB-4E2A-B3AC-B70F3562E893}.Release|Any CPU.Build.0 = Release|Any CPU
		{153FA028-1D3D-444D-B69A-A4A25E079DBF}.Debug|Any CPU.ActiveCfg = Debug|Any CPU
		{153FA028-1D3D-444D-B69A-A4A25E079DBF}.Debug|Any CPU.Build.0 = Debug|Any CPU
		{153FA028-1D3D-444D-B69A-A4A25E079DBF}.Release|Any CPU.ActiveCfg = Release|Any CPU
		{153FA028-1D3D-444D-B69A-A4A25E079DBF}.Release|Any CPU.Build.0 = Release|Any CPU
		{CF8164EC-198C-4932-9851-92B2B6F205D3}.Debug|Any CPU.ActiveCfg = Debug|Any CPU
		{CF8164EC-198C-4932-9851-92B2B6F205D3}.Debug|Any CPU.Build.0 = Debug|Any CPU
		{CF8164EC-198C-4932-9851-92B2B6F205D3}.Release|Any CPU.ActiveCfg = Release|Any CPU
		{CF8164EC-198C-4932-9851-92B2B6F205D3}.Release|Any CPU.Build.0 = Release|Any CPU
		{FF00262D-A257-4C18-95BA-8ECC90B26CAF}.Debug|Any CPU.ActiveCfg = Debug|Any CPU
		{FF00262D-A257-4C18-95BA-8ECC90B26CAF}.Debug|Any CPU.Build.0 = Debug|Any CPU
		{FF00262D-A257-4C18-95BA-8ECC90B26CAF}.Release|Any CPU.ActiveCfg = Release|Any CPU
		{FF00262D-A257-4C18-95BA-8ECC90B26CAF}.Release|Any CPU.Build.0 = Release|Any CPU
		{DEC285A8-4A82-4CEB-A63D-414565C30022}.Debug|Any CPU.ActiveCfg = Debug|Any CPU
		{DEC285A8-4A82-4CEB-A63D-414565C30022}.Debug|Any CPU.Build.0 = Debug|Any CPU
		{DEC285A8-4A82-4CEB-A63D-414565C30022}.Release|Any CPU.ActiveCfg = Release|Any CPU
		{DEC285A8-4A82-4CEB-A63D-414565C30022}.Release|Any CPU.Build.0 = Release|Any CPU
		{EDD64D4E-DDE1-4D20-B5AE-92D48E874563}.Debug|Any CPU.ActiveCfg = Debug|Any CPU
		{EDD64D4E-DDE1-4D20-B5AE-92D48E874563}.Debug|Any CPU.Build.0 = Debug|Any CPU
		{EDD64D4E-DDE1-4D20-B5AE-92D48E874563}.Release|Any CPU.ActiveCfg = Release|Any CPU
		{EDD64D4E-DDE1-4D20-B5AE-92D48E874563}.Release|Any CPU.Build.0 = Release|Any CPU
		{914FE756-E093-4D00-9BAF-14F975C1BD85}.Debug|Any CPU.ActiveCfg = Debug|Any CPU
		{914FE756-E093-4D00-9BAF-14F975C1BD85}.Debug|Any CPU.Build.0 = Debug|Any CPU
		{914FE756-E093-4D00-9BAF-14F975C1BD85}.Release|Any CPU.ActiveCfg = Release|Any CPU
		{914FE756-E093-4D00-9BAF-14F975C1BD85}.Release|Any CPU.Build.0 = Release|Any CPU
		{87B47ADE-C462-4D98-9F15-ABA4D61119EB}.Debug|Any CPU.ActiveCfg = Debug|Any CPU
		{87B47ADE-C462-4D98-9F15-ABA4D61119EB}.Debug|Any CPU.Build.0 = Debug|Any CPU
		{87B47ADE-C462-4D98-9F15-ABA4D61119EB}.Release|Any CPU.ActiveCfg = Release|Any CPU
		{87B47ADE-C462-4D98-9F15-ABA4D61119EB}.Release|Any CPU.Build.0 = Release|Any CPU
		{D46EC601-3910-4B90-B221-AA4A55A68279}.Debug|Any CPU.ActiveCfg = Debug|Any CPU
		{D46EC601-3910-4B90-B221-AA4A55A68279}.Debug|Any CPU.Build.0 = Debug|Any CPU
		{D46EC601-3910-4B90-B221-AA4A55A68279}.Release|Any CPU.ActiveCfg = Release|Any CPU
		{D46EC601-3910-4B90-B221-AA4A55A68279}.Release|Any CPU.Build.0 = Release|Any CPU
		{57EBC37C-AE11-41A4-906B-92DC30E5CAD4}.Debug|Any CPU.ActiveCfg = Debug|Any CPU
		{57EBC37C-AE11-41A4-906B-92DC30E5CAD4}.Debug|Any CPU.Build.0 = Debug|Any CPU
		{57EBC37C-AE11-41A4-906B-92DC30E5CAD4}.Release|Any CPU.ActiveCfg = Release|Any CPU
		{57EBC37C-AE11-41A4-906B-92DC30E5CAD4}.Release|Any CPU.Build.0 = Release|Any CPU
		{B0EE1C89-34B9-49CE-94CF-ACB4EF816540}.Debug|Any CPU.ActiveCfg = Debug|Any CPU
		{B0EE1C89-34B9-49CE-94CF-ACB4EF816540}.Debug|Any CPU.Build.0 = Debug|Any CPU
		{B0EE1C89-34B9-49CE-94CF-ACB4EF816540}.Release|Any CPU.ActiveCfg = Release|Any CPU
		{B0EE1C89-34B9-49CE-94CF-ACB4EF816540}.Release|Any CPU.Build.0 = Release|Any CPU
	EndGlobalSection
	GlobalSection(SolutionProperties) = preSolution
		HideSolutionNode = FALSE
	EndGlobalSection
	GlobalSection(NestedProjects) = preSolution
		{BC21946F-4FB7-4D42-8900-7DEA94C26FE1} = {57B41A81-2E5C-4E45-A967-4A327E202F07}
		{D3776FCD-AFAB-4E2A-B3AC-B70F3562E893} = {57B41A81-2E5C-4E45-A967-4A327E202F07}
		{153FA028-1D3D-444D-B69A-A4A25E079DBF} = {2F4D0092-DA9E-459C-A580-5194018DF6B6}
		{CF8164EC-198C-4932-9851-92B2B6F205D3} = {2F4D0092-DA9E-459C-A580-5194018DF6B6}
		{FF00262D-A257-4C18-95BA-8ECC90B26CAF} = {2F4D0092-DA9E-459C-A580-5194018DF6B6}
		{DEC285A8-4A82-4CEB-A63D-414565C30022} = {A375244C-F78A-4A27-8DB4-3FEC80AF7653}
		{EDD64D4E-DDE1-4D20-B5AE-92D48E874563} = {A375244C-F78A-4A27-8DB4-3FEC80AF7653}
		{914FE756-E093-4D00-9BAF-14F975C1BD85} = {A375244C-F78A-4A27-8DB4-3FEC80AF7653}
		{87B47ADE-C462-4D98-9F15-ABA4D61119EB} = {8C58D40E-3B6B-4C11-81E7-F9D52EE5C20D}
		{D46EC601-3910-4B90-B221-AA4A55A68279} = {8C58D40E-3B6B-4C11-81E7-F9D52EE5C20D}
		{57EBC37C-AE11-41A4-906B-92DC30E5CAD4} = {8C58D40E-3B6B-4C11-81E7-F9D52EE5C20D}
		{B0EE1C89-34B9-49CE-94CF-ACB4EF816540} = {9D848DD7-CDE9-44CF-9092-9DC2BA8692E2}
	EndGlobalSection
	GlobalSection(ExtensibilityGlobals) = postSolution
		SolutionGuid = {956D2727-0A5D-490D-85E2-9C076C28C427}
	EndGlobalSection
EndGlobal
